
Microsoft Visual Studio Solution File, Format Version 12.00
# Visual Studio Version 17
VisualStudioVersion = 17.14.36121.58 d17.14
MinimumVisualStudioVersion = 10.0.40219.1
Project("{FAE04EC0-301F-11D3-BF4B-00C04F79EFBC}") = "ExamenProgra4", "ExamenProgra4.csproj", "{D63C18CC-05DC-48E2-B5F0-CAF5C1136A28}"
EndProject
Global
	GlobalSection(SolutionConfigurationPlatforms) = preSolution
		Debug|Any CPU = Debug|Any CPU
		Release|Any CPU = Release|Any CPU
	EndGlobalSection
	GlobalSection(ProjectConfigurationPlatforms) = postSolution
		{D63C18CC-05DC-48E2-B5F0-CAF5C1136A28}.Debug|Any CPU.ActiveCfg = Debug|Any CPU
		{D63C18CC-05DC-48E2-B5F0-CAF5C1136A28}.Debug|Any CPU.Build.0 = Debug|Any CPU
		{D63C18CC-05DC-48E2-B5F0-CAF5C1136A28}.Release|Any CPU.ActiveCfg = Release|Any CPU
		{D63C18CC-05DC-48E2-B5F0-CAF5C1136A28}.Release|Any CPU.Build.0 = Release|Any CPU
	EndGlobalSection
	GlobalSection(SolutionProperties) = preSolution
		HideSolutionNode = FALSE
	EndGlobalSection
	GlobalSection(ExtensibilityGlobals) = postSolution
		SolutionGuid = {AAE74EFF-0249-4DB6-90AF-1C2064E55BA4}
	EndGlobalSection
EndGlobal
